// !$*UTF8*$!
{
	archiveVersion = 1;
	classes = {
	};
	objectVersion = 50;
	objects = {

/* Begin PBXBuildFile section */
		AC08EE0024AEE576009B52E8 /* AppDelegate.swift in Sources */ = {isa = PBXBuildFile; fileRef = AC08EDFF24AEE576009B52E8 /* AppDelegate.swift */; };
		AC08EE0224AEE576009B52E8 /* SceneDelegate.swift in Sources */ = {isa = PBXBuildFile; fileRef = AC08EE0124AEE576009B52E8 /* SceneDelegate.swift */; };
		AC08EE0524AEE576009B52E8 /* Salewhale.xcdatamodeld in Sources */ = {isa = PBXBuildFile; fileRef = AC08EE0324AEE576009B52E8 /* Salewhale.xcdatamodeld */; };
		AC08EE0724AEE576009B52E8 /* ContentView.swift in Sources */ = {isa = PBXBuildFile; fileRef = AC08EE0624AEE576009B52E8 /* ContentView.swift */; };
		AC08EE0924AEE577009B52E8 /* Assets.xcassets in Resources */ = {isa = PBXBuildFile; fileRef = AC08EE0824AEE577009B52E8 /* Assets.xcassets */; };
		AC08EE0C24AEE577009B52E8 /* Preview Assets.xcassets in Resources */ = {isa = PBXBuildFile; fileRef = AC08EE0B24AEE577009B52E8 /* Preview Assets.xcassets */; };
		AC08EE0F24AEE577009B52E8 /* LaunchScreen.storyboard in Resources */ = {isa = PBXBuildFile; fileRef = AC08EE0D24AEE577009B52E8 /* LaunchScreen.storyboard */; };
		AC08EE1824AEE634009B52E8 /* Salewhale.xcdatamodeld in Sources */ = {isa = PBXBuildFile; fileRef = AC08EE0324AEE576009B52E8 /* Salewhale.xcdatamodeld */; };
		AC08EE1924AEE634009B52E8 /* AppDelegate.swift in Sources */ = {isa = PBXBuildFile; fileRef = AC08EDFF24AEE576009B52E8 /* AppDelegate.swift */; };
		AC08EE1A24AEE634009B52E8 /* ContentView.swift in Sources */ = {isa = PBXBuildFile; fileRef = AC08EE0624AEE576009B52E8 /* ContentView.swift */; };
		AC08EE1B24AEE634009B52E8 /* SceneDelegate.swift in Sources */ = {isa = PBXBuildFile; fileRef = AC08EE0124AEE576009B52E8 /* SceneDelegate.swift */; };
		AC08EE1E24AEE634009B52E8 /* LaunchScreen.storyboard in Resources */ = {isa = PBXBuildFile; fileRef = AC08EE0D24AEE577009B52E8 /* LaunchScreen.storyboard */; };
		AC08EE1F24AEE634009B52E8 /* Preview Assets.xcassets in Resources */ = {isa = PBXBuildFile; fileRef = AC08EE0B24AEE577009B52E8 /* Preview Assets.xcassets */; };
		AC08EE2024AEE634009B52E8 /* Assets.xcassets in Resources */ = {isa = PBXBuildFile; fileRef = AC08EE0824AEE577009B52E8 /* Assets.xcassets */; };
		AC08EE2824AEE64D009B52E8 /* Salewhale.xcdatamodeld in Sources */ = {isa = PBXBuildFile; fileRef = AC08EE0324AEE576009B52E8 /* Salewhale.xcdatamodeld */; };
		AC08EE2924AEE64D009B52E8 /* AppDelegate.swift in Sources */ = {isa = PBXBuildFile; fileRef = AC08EDFF24AEE576009B52E8 /* AppDelegate.swift */; };
		AC08EE2A24AEE64D009B52E8 /* ContentView.swift in Sources */ = {isa = PBXBuildFile; fileRef = AC08EE0624AEE576009B52E8 /* ContentView.swift */; };
		AC08EE2B24AEE64D009B52E8 /* SceneDelegate.swift in Sources */ = {isa = PBXBuildFile; fileRef = AC08EE0124AEE576009B52E8 /* SceneDelegate.swift */; };
		AC08EE2E24AEE64D009B52E8 /* LaunchScreen.storyboard in Resources */ = {isa = PBXBuildFile; fileRef = AC08EE0D24AEE577009B52E8 /* LaunchScreen.storyboard */; };
		AC08EE2F24AEE64D009B52E8 /* Preview Assets.xcassets in Resources */ = {isa = PBXBuildFile; fileRef = AC08EE0B24AEE577009B52E8 /* Preview Assets.xcassets */; };
		AC08EE3024AEE64D009B52E8 /* Assets.xcassets in Resources */ = {isa = PBXBuildFile; fileRef = AC08EE0824AEE577009B52E8 /* Assets.xcassets */; };
/* End PBXBuildFile section */

/* Begin PBXFileReference section */
		AC08EDFC24AEE576009B52E8 /* Salewhale.app */ = {isa = PBXFileReference; explicitFileType = wrapper.application; includeInIndex = 0; path = Salewhale.app; sourceTree = BUILT_PRODUCTS_DIR; };
		AC08EDFF24AEE576009B52E8 /* AppDelegate.swift */ = {isa = PBXFileReference; lastKnownFileType = sourcecode.swift; path = AppDelegate.swift; sourceTree = "<group>"; };
		AC08EE0124AEE576009B52E8 /* SceneDelegate.swift */ = {isa = PBXFileReference; lastKnownFileType = sourcecode.swift; path = SceneDelegate.swift; sourceTree = "<group>"; };
		AC08EE0424AEE576009B52E8 /* Salewhale.xcdatamodel */ = {isa = PBXFileReference; lastKnownFileType = wrapper.xcdatamodel; path = Salewhale.xcdatamodel; sourceTree = "<group>"; };
		AC08EE0624AEE576009B52E8 /* ContentView.swift */ = {isa = PBXFileReference; lastKnownFileType = sourcecode.swift; path = ContentView.swift; sourceTree = "<group>"; };
		AC08EE0824AEE577009B52E8 /* Assets.xcassets */ = {isa = PBXFileReference; lastKnownFileType = folder.assetcatalog; path = Assets.xcassets; sourceTree = "<group>"; };
		AC08EE0B24AEE577009B52E8 /* Preview Assets.xcassets */ = {isa = PBXFileReference; lastKnownFileType = folder.assetcatalog; path = "Preview Assets.xcassets"; sourceTree = "<group>"; };
		AC08EE0E24AEE577009B52E8 /* Base */ = {isa = PBXFileReference; lastKnownFileType = file.storyboard; name = Base; path = Base.lproj/LaunchScreen.storyboard; sourceTree = "<group>"; };
		AC08EE1024AEE577009B52E8 /* Info.plist */ = {isa = PBXFileReference; lastKnownFileType = text.plist.xml; path = Info.plist; sourceTree = "<group>"; };
		AC08EE2424AEE634009B52E8 /* Salewhale Staging.app */ = {isa = PBXFileReference; explicitFileType = wrapper.application; includeInIndex = 0; path = "Salewhale Staging.app"; sourceTree = BUILT_PRODUCTS_DIR; };
		AC08EE2524AEE634009B52E8 /* Salewhale copy-Info.plist */ = {isa = PBXFileReference; lastKnownFileType = text.plist.xml; name = "Salewhale copy-Info.plist"; path = "/Users/mhamed/xcodeProjects/Salewhale/Salewhale copy-Info.plist"; sourceTree = "<absolute>"; };
		AC08EE3424AEE64D009B52E8 /* MesPromos.app */ = {isa = PBXFileReference; explicitFileType = wrapper.application; includeInIndex = 0; path = MesPromos.app; sourceTree = BUILT_PRODUCTS_DIR; };
		AC08EE3524AEE64D009B52E8 /* Salewhale copy2-Info.plist */ = {isa = PBXFileReference; lastKnownFileType = text.plist.xml; name = "Salewhale copy2-Info.plist"; path = "/Users/mhamed/xcodeProjects/Salewhale/Salewhale copy2-Info.plist"; sourceTree = "<absolute>"; };
/* End PBXFileReference section */

/* Begin PBXFrameworksBuildPhase section */
		AC08EDF924AEE576009B52E8 /* Frameworks */ = {
			isa = PBXFrameworksBuildPhase;
			buildActionMask = 2147483647;
			files = (
			);
			runOnlyForDeploymentPostprocessing = 0;
		};
		AC08EE1C24AEE634009B52E8 /* Frameworks */ = {
			isa = PBXFrameworksBuildPhase;
			buildActionMask = 2147483647;
			files = (
			);
			runOnlyForDeploymentPostprocessing = 0;
		};
		AC08EE2C24AEE64D009B52E8 /* Frameworks */ = {
			isa = PBXFrameworksBuildPhase;
			buildActionMask = 2147483647;
			files = (
			);
			runOnlyForDeploymentPostprocessing = 0;
		};
/* End PBXFrameworksBuildPhase section */

/* Begin PBXGroup section */
		AC08EDF324AEE576009B52E8 = {
			isa = PBXGroup;
			children = (
				AC08EDFE24AEE576009B52E8 /* Salewhale */,
				AC08EDFD24AEE576009B52E8 /* Products */,
				AC08EE2524AEE634009B52E8 /* Salewhale copy-Info.plist */,
				AC08EE3524AEE64D009B52E8 /* Salewhale copy2-Info.plist */,
			);
			sourceTree = "<group>";
		};
		AC08EDFD24AEE576009B52E8 /* Products */ = {
			isa = PBXGroup;
			children = (
				AC08EDFC24AEE576009B52E8 /* Salewhale.app */,
				AC08EE2424AEE634009B52E8 /* Salewhale Staging.app */,
				AC08EE3424AEE64D009B52E8 /* MesPromos.app */,
			);
			name = Products;
			sourceTree = "<group>";
		};
		AC08EDFE24AEE576009B52E8 /* Salewhale */ = {
			isa = PBXGroup;
			children = (
				AC08EDFF24AEE576009B52E8 /* AppDelegate.swift */,
				AC08EE0124AEE576009B52E8 /* SceneDelegate.swift */,
				AC08EE0624AEE576009B52E8 /* ContentView.swift */,
				AC08EE0824AEE577009B52E8 /* Assets.xcassets */,
				AC08EE0D24AEE577009B52E8 /* LaunchScreen.storyboard */,
				AC08EE1024AEE577009B52E8 /* Info.plist */,
				AC08EE0324AEE576009B52E8 /* Salewhale.xcdatamodeld */,
				AC08EE0A24AEE577009B52E8 /* Preview Content */,
			);
			path = Salewhale;
			sourceTree = "<group>";
		};
		AC08EE0A24AEE577009B52E8 /* Preview Content */ = {
			isa = PBXGroup;
			children = (
				AC08EE0B24AEE577009B52E8 /* Preview Assets.xcassets */,
			);
			path = "Preview Content";
			sourceTree = "<group>";
		};
/* End PBXGroup section */

/* Begin PBXNativeTarget section */
		AC08EDFB24AEE576009B52E8 /* Salewhale */ = {
			isa = PBXNativeTarget;
			buildConfigurationList = AC08EE1324AEE577009B52E8 /* Build configuration list for PBXNativeTarget "Salewhale" */;
			buildPhases = (
				AC08EDF824AEE576009B52E8 /* Sources */,
				AC08EDF924AEE576009B52E8 /* Frameworks */,
				AC08EDFA24AEE576009B52E8 /* Resources */,
			);
			buildRules = (
			);
			dependencies = (
			);
			name = Salewhale;
			productName = Salewhale;
			productReference = AC08EDFC24AEE576009B52E8 /* Salewhale.app */;
			productType = "com.apple.product-type.application";
		};
		AC08EE1624AEE634009B52E8 /* Salewhale Staging */ = {
			isa = PBXNativeTarget;
			buildConfigurationList = AC08EE2124AEE634009B52E8 /* Build configuration list for PBXNativeTarget "Salewhale Staging" */;
			buildPhases = (
				AC08EE1724AEE634009B52E8 /* Sources */,
				AC08EE1C24AEE634009B52E8 /* Frameworks */,
				AC08EE1D24AEE634009B52E8 /* Resources */,
			);
			buildRules = (
			);
			dependencies = (
			);
			name = "Salewhale Staging";
			productName = Salewhale;
			productReference = AC08EE2424AEE634009B52E8 /* Salewhale Staging.app */;
			productType = "com.apple.product-type.application";
		};
		AC08EE2624AEE64D009B52E8 /* MesPromos */ = {
			isa = PBXNativeTarget;
			buildConfigurationList = AC08EE3124AEE64D009B52E8 /* Build configuration list for PBXNativeTarget "MesPromos" */;
			buildPhases = (
				AC08EE2724AEE64D009B52E8 /* Sources */,
				AC08EE2C24AEE64D009B52E8 /* Frameworks */,
				AC08EE2D24AEE64D009B52E8 /* Resources */,
			);
			buildRules = (
			);
			dependencies = (
			);
			name = MesPromos;
			productName = Salewhale;
			productReference = AC08EE3424AEE64D009B52E8 /* MesPromos.app */;
			productType = "com.apple.product-type.application";
		};
/* End PBXNativeTarget section */

/* Begin PBXProject section */
		AC08EDF424AEE576009B52E8 /* Project object */ = {
			isa = PBXProject;
			attributes = {
				LastSwiftUpdateCheck = 1150;
				LastUpgradeCheck = 1150;
				ORGANIZATIONNAME = Salewhale;
				TargetAttributes = {
					AC08EDFB24AEE576009B52E8 = {
						CreatedOnToolsVersion = 11.5;
					};
				};
			};
			buildConfigurationList = AC08EDF724AEE576009B52E8 /* Build configuration list for PBXProject "Salewhale" */;
			compatibilityVersion = "Xcode 9.3";
			developmentRegion = en;
			hasScannedForEncodings = 0;
			knownRegions = (
				en,
				Base,
			);
			mainGroup = AC08EDF324AEE576009B52E8;
			productRefGroup = AC08EDFD24AEE576009B52E8 /* Products */;
			projectDirPath = "";
			projectRoot = "";
			targets = (
				AC08EDFB24AEE576009B52E8 /* Salewhale */,
				AC08EE1624AEE634009B52E8 /* Salewhale Staging */,
				AC08EE2624AEE64D009B52E8 /* MesPromos */,
			);
		};
/* End PBXProject section */

/* Begin PBXResourcesBuildPhase section */
		AC08EDFA24AEE576009B52E8 /* Resources */ = {
			isa = PBXResourcesBuildPhase;
			buildActionMask = 2147483647;
			files = (
				AC08EE0F24AEE577009B52E8 /* LaunchScreen.storyboard in Resources */,
				AC08EE0C24AEE577009B52E8 /* Preview Assets.xcassets in Resources */,
				AC08EE0924AEE577009B52E8 /* Assets.xcassets in Resources */,
			);
			runOnlyForDeploymentPostprocessing = 0;
		};
		AC08EE1D24AEE634009B52E8 /* Resources */ = {
			isa = PBXResourcesBuildPhase;
			buildActionMask = 2147483647;
			files = (
				AC08EE1E24AEE634009B52E8 /* LaunchScreen.storyboard in Resources */,
				AC08EE1F24AEE634009B52E8 /* Preview Assets.xcassets in Resources */,
				AC08EE2024AEE634009B52E8 /* Assets.xcassets in Resources */,
			);
			runOnlyForDeploymentPostprocessing = 0;
		};
		AC08EE2D24AEE64D009B52E8 /* Resources */ = {
			isa = PBXResourcesBuildPhase;
			buildActionMask = 2147483647;
			files = (
				AC08EE2E24AEE64D009B52E8 /* LaunchScreen.storyboard in Resources */,
				AC08EE2F24AEE64D009B52E8 /* Preview Assets.xcassets in Resources */,
				AC08EE3024AEE64D009B52E8 /* Assets.xcassets in Resources */,
			);
			runOnlyForDeploymentPostprocessing = 0;
		};
/* End PBXResourcesBuildPhase section */

/* Begin PBXSourcesBuildPhase section */
		AC08EDF824AEE576009B52E8 /* Sources */ = {
			isa = PBXSourcesBuildPhase;
			buildActionMask = 2147483647;
			files = (
				AC08EE0524AEE576009B52E8 /* Salewhale.xcdatamodeld in Sources */,
				AC08EE0024AEE576009B52E8 /* AppDelegate.swift in Sources */,
				AC08EE0724AEE576009B52E8 /* ContentView.swift in Sources */,
				AC08EE0224AEE576009B52E8 /* SceneDelegate.swift in Sources */,
			);
			runOnlyForDeploymentPostprocessing = 0;
		};
		AC08EE1724AEE634009B52E8 /* Sources */ = {
			isa = PBXSourcesBuildPhase;
			buildActionMask = 2147483647;
			files = (
				AC08EE1824AEE634009B52E8 /* Salewhale.xcdatamodeld in Sources */,
				AC08EE1924AEE634009B52E8 /* AppDelegate.swift in Sources */,
				AC08EE1A24AEE634009B52E8 /* ContentView.swift in Sources */,
				AC08EE1B24AEE634009B52E8 /* SceneDelegate.swift in Sources */,
			);
			runOnlyForDeploymentPostprocessing = 0;
		};
		AC08EE2724AEE64D009B52E8 /* Sources */ = {
			isa = PBXSourcesBuildPhase;
			buildActionMask = 2147483647;
			files = (
				AC08EE2824AEE64D009B52E8 /* Salewhale.xcdatamodeld in Sources */,
				AC08EE2924AEE64D009B52E8 /* AppDelegate.swift in Sources */,
				AC08EE2A24AEE64D009B52E8 /* ContentView.swift in Sources */,
				AC08EE2B24AEE64D009B52E8 /* SceneDelegate.swift in Sources */,
			);
			runOnlyForDeploymentPostprocessing = 0;
		};
/* End PBXSourcesBuildPhase section */

/* Begin PBXVariantGroup section */
		AC08EE0D24AEE577009B52E8 /* LaunchScreen.storyboard */ = {
			isa = PBXVariantGroup;
			children = (
				AC08EE0E24AEE577009B52E8 /* Base */,
			);
			name = LaunchScreen.storyboard;
			sourceTree = "<group>";
		};
/* End PBXVariantGroup section */

/* Begin XCBuildConfiguration section */
		AC08EE1124AEE577009B52E8 /* Debug */ = {
			isa = XCBuildConfiguration;
			buildSettings = {
				ALWAYS_SEARCH_USER_PATHS = NO;
				CLANG_ANALYZER_NONNULL = YES;
				CLANG_ANALYZER_NUMBER_OBJECT_CONVERSION = YES_AGGRESSIVE;
				CLANG_CXX_LANGUAGE_STANDARD = "gnu++14";
				CLANG_CXX_LIBRARY = "libc++";
				CLANG_ENABLE_MODULES = YES;
				CLANG_ENABLE_OBJC_ARC = YES;
				CLANG_ENABLE_OBJC_WEAK = YES;
				CLANG_WARN_BLOCK_CAPTURE_AUTORELEASING = YES;
				CLANG_WARN_BOOL_CONVERSION = YES;
				CLANG_WARN_COMMA = YES;
				CLANG_WARN_CONSTANT_CONVERSION = YES;
				CLANG_WARN_DEPRECATED_OBJC_IMPLEMENTATIONS = YES;
				CLANG_WARN_DIRECT_OBJC_ISA_USAGE = YES_ERROR;
				CLANG_WARN_DOCUMENTATION_COMMENTS = YES;
				CLANG_WARN_EMPTY_BODY = YES;
				CLANG_WARN_ENUM_CONVERSION = YES;
				CLANG_WARN_INFINITE_RECURSION = YES;
				CLANG_WARN_INT_CONVERSION = YES;
				CLANG_WARN_NON_LITERAL_NULL_CONVERSION = YES;
				CLANG_WARN_OBJC_IMPLICIT_RETAIN_SELF = YES;
				CLANG_WARN_OBJC_LITERAL_CONVERSION = YES;
				CLANG_WARN_OBJC_ROOT_CLASS = YES_ERROR;
				CLANG_WARN_RANGE_LOOP_ANALYSIS = YES;
				CLANG_WARN_STRICT_PROTOTYPES = YES;
				CLANG_WARN_SUSPICIOUS_MOVE = YES;
				CLANG_WARN_UNGUARDED_AVAILABILITY = YES_AGGRESSIVE;
				CLANG_WARN_UNREACHABLE_CODE = YES;
				CLANG_WARN__DUPLICATE_METHOD_MATCH = YES;
				COPY_PHASE_STRIP = NO;
				DEBUG_INFORMATION_FORMAT = dwarf;
				ENABLE_STRICT_OBJC_MSGSEND = YES;
				ENABLE_TESTABILITY = YES;
				GCC_C_LANGUAGE_STANDARD = gnu11;
				GCC_DYNAMIC_NO_PIC = NO;
				GCC_NO_COMMON_BLOCKS = YES;
				GCC_OPTIMIZATION_LEVEL = 0;
				GCC_PREPROCESSOR_DEFINITIONS = (
					"DEBUG=1",
					"$(inherited)",
				);
				GCC_WARN_64_TO_32_BIT_CONVERSION = YES;
				GCC_WARN_ABOUT_RETURN_TYPE = YES_ERROR;
				GCC_WARN_UNDECLARED_SELECTOR = YES;
				GCC_WARN_UNINITIALIZED_AUTOS = YES_AGGRESSIVE;
				GCC_WARN_UNUSED_FUNCTION = YES;
				GCC_WARN_UNUSED_VARIABLE = YES;
				IPHONEOS_DEPLOYMENT_TARGET = 13.5;
				MTL_ENABLE_DEBUG_INFO = INCLUDE_SOURCE;
				MTL_FAST_MATH = YES;
				ONLY_ACTIVE_ARCH = YES;
				SDKROOT = iphoneos;
				SWIFT_ACTIVE_COMPILATION_CONDITIONS = DEBUG;
				SWIFT_OPTIMIZATION_LEVEL = "-Onone";
			};
			name = Debug;
		};
		AC08EE1224AEE577009B52E8 /* Release */ = {
			isa = XCBuildConfiguration;
			buildSettings = {
				ALWAYS_SEARCH_USER_PATHS = NO;
				CLANG_ANALYZER_NONNULL = YES;
				CLANG_ANALYZER_NUMBER_OBJECT_CONVERSION = YES_AGGRESSIVE;
				CLANG_CXX_LANGUAGE_STANDARD = "gnu++14";
				CLANG_CXX_LIBRARY = "libc++";
				CLANG_ENABLE_MODULES = YES;
				CLANG_ENABLE_OBJC_ARC = YES;
				CLANG_ENABLE_OBJC_WEAK = YES;
				CLANG_WARN_BLOCK_CAPTURE_AUTORELEASING = YES;
				CLANG_WARN_BOOL_CONVERSION = YES;
				CLANG_WARN_COMMA = YES;
				CLANG_WARN_CONSTANT_CONVERSION = YES;
				CLANG_WARN_DEPRECATED_OBJC_IMPLEMENTATIONS = YES;
				CLANG_WARN_DIRECT_OBJC_ISA_USAGE = YES_ERROR;
				CLANG_WARN_DOCUMENTATION_COMMENTS = YES;
				CLANG_WARN_EMPTY_BODY = YES;
				CLANG_WARN_ENUM_CONVERSION = YES;
				CLANG_WARN_INFINITE_RECURSION = YES;
				CLANG_WARN_INT_CONVERSION = YES;
				CLANG_WARN_NON_LITERAL_NULL_CONVERSION = YES;
				CLANG_WARN_OBJC_IMPLICIT_RETAIN_SELF = YES;
				CLANG_WARN_OBJC_LITERAL_CONVERSION = YES;
				CLANG_WARN_OBJC_ROOT_CLASS = YES_ERROR;
				CLANG_WARN_RANGE_LOOP_ANALYSIS = YES;
				CLANG_WARN_STRICT_PROTOTYPES = YES;
				CLANG_WARN_SUSPICIOUS_MOVE = YES;
				CLANG_WARN_UNGUARDED_AVAILABILITY = YES_AGGRESSIVE;
				CLANG_WARN_UNREACHABLE_CODE = YES;
				CLANG_WARN__DUPLICATE_METHOD_MATCH = YES;
				COPY_PHASE_STRIP = NO;
				DEBUG_INFORMATION_FORMAT = "dwarf-with-dsym";
				ENABLE_NS_ASSERTIONS = NO;
				ENABLE_STRICT_OBJC_MSGSEND = YES;
				GCC_C_LANGUAGE_STANDARD = gnu11;
				GCC_NO_COMMON_BLOCKS = YES;
				GCC_WARN_64_TO_32_BIT_CONVERSION = YES;
				GCC_WARN_ABOUT_RETURN_TYPE = YES_ERROR;
				GCC_WARN_UNDECLARED_SELECTOR = YES;
				GCC_WARN_UNINITIALIZED_AUTOS = YES_AGGRESSIVE;
				GCC_WARN_UNUSED_FUNCTION = YES;
				GCC_WARN_UNUSED_VARIABLE = YES;
				IPHONEOS_DEPLOYMENT_TARGET = 13.5;
				MTL_ENABLE_DEBUG_INFO = NO;
				MTL_FAST_MATH = YES;
				SDKROOT = iphoneos;
				SWIFT_COMPILATION_MODE = wholemodule;
				SWIFT_OPTIMIZATION_LEVEL = "-O";
				VALIDATE_PRODUCT = YES;
			};
			name = Release;
		};
		AC08EE1424AEE577009B52E8 /* Debug */ = {
			isa = XCBuildConfiguration;
			buildSettings = {
				ASSETCATALOG_COMPILER_APPICON_NAME = AppIcon;
				CODE_SIGN_STYLE = Automatic;
				DEVELOPMENT_ASSET_PATHS = "\"Salewhale/Preview Content\"";
				DEVELOPMENT_TEAM = KPB9Y5VHVU;
				ENABLE_PREVIEWS = YES;
				INFOPLIST_FILE = Salewhale/Info.plist;
				LD_RUNPATH_SEARCH_PATHS = (
					"$(inherited)",
					"@executable_path/Frameworks",
				);
				PRODUCT_BUNDLE_IDENTIFIER = com.bamstrategy.Salewhale;
				PRODUCT_NAME = "$(TARGET_NAME)";
				SWIFT_VERSION = 5.0;
				TARGETED_DEVICE_FAMILY = "1,2";
			};
			name = Debug;
		};
		AC08EE1524AEE577009B52E8 /* Release */ = {
			isa = XCBuildConfiguration;
			buildSettings = {
				ASSETCATALOG_COMPILER_APPICON_NAME = AppIcon;
				CODE_SIGN_STYLE = Automatic;
				DEVELOPMENT_ASSET_PATHS = "\"Salewhale/Preview Content\"";
				DEVELOPMENT_TEAM = KPB9Y5VHVU;
				ENABLE_PREVIEWS = YES;
				INFOPLIST_FILE = Salewhale/Info.plist;
				LD_RUNPATH_SEARCH_PATHS = (
					"$(inherited)",
					"@executable_path/Frameworks",
				);
				PRODUCT_BUNDLE_IDENTIFIER = com.bamstrategy.Salewhale;
				PRODUCT_NAME = "$(TARGET_NAME)";
				SWIFT_VERSION = 5.0;
				TARGETED_DEVICE_FAMILY = "1,2";
			};
			name = Release;
		};
		AC08EE2224AEE634009B52E8 /* Debug */ = {
			isa = XCBuildConfiguration;
			buildSettings = {
				ASSETCATALOG_COMPILER_APPICON_NAME = AppIcon;
				CODE_SIGN_STYLE = Automatic;
				DEVELOPMENT_ASSET_PATHS = "\"Salewhale/Preview Content\"";
				DEVELOPMENT_TEAM = KPB9Y5VHVU;
				ENABLE_PREVIEWS = YES;
				INFOPLIST_FILE = "Salewhale copy-Info.plist";
				LD_RUNPATH_SEARCH_PATHS = (
					"$(inherited)",
					"@executable_path/Frameworks",
				);
				PRODUCT_BUNDLE_IDENTIFIER = com.bamstrategy.Salewhale;
				PRODUCT_NAME = "$(TARGET_NAME)";
				SWIFT_VERSION = 5.0;
				TARGETED_DEVICE_FAMILY = "1,2";
			};
			name = Debug;
		};
		AC08EE2324AEE634009B52E8 /* Release */ = {
			isa = XCBuildConfiguration;
			buildSettings = {
				ASSETCATALOG_COMPILER_APPICON_NAME = AppIcon;
				CODE_SIGN_STYLE = Automatic;
				DEVELOPMENT_ASSET_PATHS = "\"Salewhale/Preview Content\"";
				DEVELOPMENT_TEAM = KPB9Y5VHVU;
				ENABLE_PREVIEWS = YES;
				INFOPLIST_FILE = "Salewhale copy-Info.plist";
				LD_RUNPATH_SEARCH_PATHS = (
					"$(inherited)",
					"@executable_path/Frameworks",
				);
				PRODUCT_BUNDLE_IDENTIFIER = com.bamstrategy.Salewhale;
				PRODUCT_NAME = "$(TARGET_NAME)";
				SWIFT_VERSION = 5.0;
				TARGETED_DEVICE_FAMILY = "1,2";
			};
			name = Release;
		};
		AC08EE3224AEE64D009B52E8 /* Debug */ = {
			isa = XCBuildConfiguration;
			buildSettings = {
				ASSETCATALOG_COMPILER_APPICON_NAME = AppIcon;
				CODE_SIGN_STYLE = Automatic;
				DEVELOPMENT_ASSET_PATHS = "\"Salewhale/Preview Content\"";
				DEVELOPMENT_TEAM = KPB9Y5VHVU;
				ENABLE_PREVIEWS = YES;
				INFOPLIST_FILE = "Salewhale copy2-Info.plist";
				LD_RUNPATH_SEARCH_PATHS = (
					"$(inherited)",
					"@executable_path/Frameworks",
				);
				PRODUCT_BUNDLE_IDENTIFIER = com.bamstrategy.Salewhale;
				PRODUCT_NAME = "$(TARGET_NAME)";
				SWIFT_VERSION = 5.0;
				TARGETED_DEVICE_FAMILY = "1,2";
			};
			name = Debug;
		};
		AC08EE3324AEE64D009B52E8 /* Release */ = {
			isa = XCBuildConfiguration;
			buildSettings = {
				ASSETCATALOG_COMPILER_APPICON_NAME = AppIcon;
				CODE_SIGN_STYLE = Automatic;
				DEVELOPMENT_ASSET_PATHS = "\"Salewhale/Preview Content\"";
				DEVELOPMENT_TEAM = KPB9Y5VHVU;
				ENABLE_PREVIEWS = YES;
				INFOPLIST_FILE = "Salewhale copy2-Info.plist";
				LD_RUNPATH_SEARCH_PATHS = (
					"$(inherited)",
					"@executable_path/Frameworks",
				);
				PRODUCT_BUNDLE_IDENTIFIER = com.bamstrategy.Salewhale;
				PRODUCT_NAME = "$(TARGET_NAME)";
				SWIFT_VERSION = 5.0;
				TARGETED_DEVICE_FAMILY = "1,2";
			};
			name = Release;
		};
/* End XCBuildConfiguration section */

/* Begin XCConfigurationList section */
		AC08EDF724AEE576009B52E8 /* Build configuration list for PBXProject "Salewhale" */ = {
			isa = XCConfigurationList;
			buildConfigurations = (
				AC08EE1124AEE577009B52E8 /* Debug */,
				AC08EE1224AEE577009B52E8 /* Release */,
			);
			defaultConfigurationIsVisible = 0;
			defaultConfigurationName = Release;
		};
		AC08EE1324AEE577009B52E8 /* Build configuration list for PBXNativeTarget "Salewhale" */ = {
			isa = XCConfigurationList;
			buildConfigurations = (
				AC08EE1424AEE577009B52E8 /* Debug */,
				AC08EE1524AEE577009B52E8 /* Release */,
			);
			defaultConfigurationIsVisible = 0;
			defaultConfigurationName = Release;
		};
		AC08EE2124AEE634009B52E8 /* Build configuration list for PBXNativeTarget "Salewhale Staging" */ = {
			isa = XCConfigurationList;
			buildConfigurations = (
				AC08EE2224AEE634009B52E8 /* Debug */,
				AC08EE2324AEE634009B52E8 /* Release */,
			);
			defaultConfigurationIsVisible = 0;
			defaultConfigurationName = Release;
		};
		AC08EE3124AEE64D009B52E8 /* Build configuration list for PBXNativeTarget "MesPromos" */ = {
			isa = XCConfigurationList;
			buildConfigurations = (
				AC08EE3224AEE64D009B52E8 /* Debug */,
				AC08EE3324AEE64D009B52E8 /* Release */,
			);
			defaultConfigurationIsVisible = 0;
			defaultConfigurationName = Release;
		};
/* End XCConfigurationList section */

/* Begin XCVersionGroup section */
		AC08EE0324AEE576009B52E8 /* Salewhale.xcdatamodeld */ = {
			isa = XCVersionGroup;
			children = (
				AC08EE0424AEE576009B52E8 /* Salewhale.xcdatamodel */,
			);
			currentVersion = AC08EE0424AEE576009B52E8 /* Salewhale.xcdatamodel */;
			path = Salewhale.xcdatamodeld;
			sourceTree = "<group>";
			versionGroupType = wrapper.xcdatamodel;
		};
/* End XCVersionGroup section */
	};
	rootObject = AC08EDF424AEE576009B52E8 /* Project object */;
}
